
Microsoft Visual Studio Solution File, Format Version 12.00
# Visual Studio Version 17
VisualStudioVersion = 17.11.35312.102
MinimumVisualStudioVersion = 10.0.40219.1
Project("{9A19103F-16F7-4668-BE54-9A1E7A4F7556}") = "ECommerceBackend", "ECommerceBackend\ECommerceBackend.csproj", "{63A632D4-2DBC-4D05-BC91-218061F9BCE1}"
EndProject
Project("{9A19103F-16F7-4668-BE54-9A1E7A4F7556}") = "BusinessLogicLayer", "BusinessLogicLayer\BusinessLogicLayer.csproj", "{E4E225D2-30C9-47E0-A1CD-97C0D262E0B8}"
EndProject
Project("{9A19103F-16F7-4668-BE54-9A1E7A4F7556}") = "DataAccessLayer", "DataAccessLayer\DataAccessLayer.csproj", "{95A2F2AA-D71F-4FA3-9FAC-7B4DD6AC4A31}"
EndProject
Global
	GlobalSection(SolutionConfigurationPlatforms) = preSolution
		Debug|Any CPU = Debug|Any CPU
		Release|Any CPU = Release|Any CPU
	EndGlobalSection
	GlobalSection(ProjectConfigurationPlatforms) = postSolution
		{63A632D4-2DBC-4D05-BC91-218061F9BCE1}.Debug|Any CPU.ActiveCfg = Debug|Any CPU
		{63A632D4-2DBC-4D05-BC91-218061F9BCE1}.Debug|Any CPU.Build.0 = Debug|Any CPU
		{63A632D4-2DBC-4D05-BC91-218061F9BCE1}.Release|Any CPU.ActiveCfg = Release|Any CPU
		{63A632D4-2DBC-4D05-BC91-218061F9BCE1}.Release|Any CPU.Build.0 = Release|Any CPU
		{E4E225D2-30C9-47E0-A1CD-97C0D262E0B8}.Debug|Any CPU.ActiveCfg = Debug|Any CPU
		{E4E225D2-30C9-47E0-A1CD-97C0D262E0B8}.Debug|Any CPU.Build.0 = Debug|Any CPU
		{E4E225D2-30C9-47E0-A1CD-97C0D262E0B8}.Release|Any CPU.ActiveCfg = Release|Any CPU
		{E4E225D2-30C9-47E0-A1CD-97C0D262E0B8}.Release|Any CPU.Build.0 = Release|Any CPU
		{95A2F2AA-D71F-4FA3-9FAC-7B4DD6AC4A31}.Debug|Any CPU.ActiveCfg = Debug|Any CPU
		{95A2F2AA-D71F-4FA3-9FAC-7B4DD6AC4A31}.Debug|Any CPU.Build.0 = Debug|Any CPU
		{95A2F2AA-D71F-4FA3-9FAC-7B4DD6AC4A31}.Release|Any CPU.ActiveCfg = Release|Any CPU
		{95A2F2AA-D71F-4FA3-9FAC-7B4DD6AC4A31}.Release|Any CPU.Build.0 = Release|Any CPU
	EndGlobalSection
	GlobalSection(SolutionProperties) = preSolution
		HideSolutionNode = FALSE
	EndGlobalSection
	GlobalSection(ExtensibilityGlobals) = postSolution
		SolutionGuid = {1FB89765-75B6-432E-81AD-AE886E79BDD9}
	EndGlobalSection
EndGlobal
